
Microsoft Visual Studio Solution File, Format Version 12.00
# Visual Studio Version 17
VisualStudioVersion = 17.6.33815.320
MinimumVisualStudioVersion = 10.0.40219.1
Project("{FAE04EC0-301F-11D3-BF4B-00C04F79EFBC}") = "Bank_UserInterface", "Bank_UserInterface.csproj", "{F39A845C-B217-4DC8-A5B7-6E38F702126A}"
EndProject
Project("{FAE04EC0-301F-11D3-BF4B-00C04F79EFBC}") = "BankAccessDataLayer", "..\BankAccessDataLayer\BankAccessDataLayer.csproj", "{69925803-788D-4A55-ADE5-7A6A508D8CBE}"
EndProject
Project("{FAE04EC0-301F-11D3-BF4B-00C04F79EFBC}") = "BankBissinessLayer", "..\BankBissinessLayer\BankBissinessLayer.csproj", "{5AE5B247-DCE7-4776-97AB-D2DB8B6A416E}"
EndProject
Global
	GlobalSection(SolutionConfigurationPlatforms) = preSolution
		Debug|Any CPU = Debug|Any CPU
		Release|Any CPU = Release|Any CPU
	EndGlobalSection
	GlobalSection(ProjectConfigurationPlatforms) = postSolution
		{F39A845C-B217-4DC8-A5B7-6E38F702126A}.Debug|Any CPU.ActiveCfg = Debug|Any CPU
		{F39A845C-B217-4DC8-A5B7-6E38F702126A}.Debug|Any CPU.Build.0 = Debug|Any CPU
		{F39A845C-B217-4DC8-A5B7-6E38F702126A}.Release|Any CPU.ActiveCfg = Release|Any CPU
		{F39A845C-B217-4DC8-A5B7-6E38F702126A}.Release|Any CPU.Build.0 = Release|Any CPU
		{69925803-788D-4A55-ADE5-7A6A508D8CBE}.Debug|Any CPU.ActiveCfg = Debug|Any CPU
		{69925803-788D-4A55-ADE5-7A6A508D8CBE}.Debug|Any CPU.Build.0 = Debug|Any CPU
		{69925803-788D-4A55-ADE5-7A6A508D8CBE}.Release|Any CPU.ActiveCfg = Release|Any CPU
		{69925803-788D-4A55-ADE5-7A6A508D8CBE}.Release|Any CPU.Build.0 = Release|Any CPU
		{5AE5B247-DCE7-4776-97AB-D2DB8B6A416E}.Debug|Any CPU.ActiveCfg = Debug|Any CPU
		{5AE5B247-DCE7-4776-97AB-D2DB8B6A416E}.Debug|Any CPU.Build.0 = Debug|Any CPU
		{5AE5B247-DCE7-4776-97AB-D2DB8B6A416E}.Release|Any CPU.ActiveCfg = Release|Any CPU
		{5AE5B247-DCE7-4776-97AB-D2DB8B6A416E}.Release|Any CPU.Build.0 = Release|Any CPU
	EndGlobalSection
	GlobalSection(SolutionProperties) = preSolution
		HideSolutionNode = FALSE
	EndGlobalSection
	GlobalSection(ExtensibilityGlobals) = postSolution
		SolutionGuid = {1F4393B4-E00A-40C1-A5A3-8126EA519871}
	EndGlobalSection
EndGlobal
